// !$*UTF8*$!
{
	archiveVersion = 1;
	classes = {
	};
	objectVersion = 56;
	objects = {

/* Begin PBXBuildFile section */
		A930ABF52B9A255A0024F8C0 /* LibraryApp.swift in Sources */ = {isa = PBXBuildFile; fileRef = A930ABF42B9A255A0024F8C0 /* LibraryApp.swift */; };
		A930ABF72B9A255A0024F8C0 /* Splach.swift in Sources */ = {isa = PBXBuildFile; fileRef = A930ABF62B9A255A0024F8C0 /* Splach.swift */; };
		A930ABF92B9A255C0024F8C0 /* Assets.xcassets in Resources */ = {isa = PBXBuildFile; fileRef = A930ABF82B9A255C0024F8C0 /* Assets.xcassets */; };
		A930ABFC2B9A255C0024F8C0 /* Preview Assets.xcassets in Resources */ = {isa = PBXBuildFile; fileRef = A930ABFB2B9A255C0024F8C0 /* Preview Assets.xcassets */; };
		A930AC032B9A25C40024F8C0 /* createacc.swift in Sources */ = {isa = PBXBuildFile; fileRef = A930AC022B9A25C40024F8C0 /* createacc.swift */; };
		A930AC052B9B2E8C0024F8C0 /* ActionJump.mlmodel in Sources */ = {isa = PBXBuildFile; fileRef = A930AC042B9B2E8C0024F8C0 /* ActionJump.mlmodel */; };
		A930AC072B9B4B320024F8C0 /* tapview.swift in Sources */ = {isa = PBXBuildFile; fileRef = A930AC062B9B4B320024F8C0 /* tapview.swift */; };
		A930AC092B9B4F4E0024F8C0 /* girl.swift in Sources */ = {isa = PBXBuildFile; fileRef = A930AC082B9B4F4E0024F8C0 /* girl.swift */; };
		A930AC0B2B9B4F5C0024F8C0 /* boy.swift in Sources */ = {isa = PBXBuildFile; fileRef = A930AC0A2B9B4F5C0024F8C0 /* boy.swift */; };
		A930AC0D2B9B68900024F8C0 /* camera.swift in Sources */ = {isa = PBXBuildFile; fileRef = A930AC0C2B9B68900024F8C0 /* camera.swift */; };
		A930AC132B9B960A0024F8C0 /* Book.swift in Sources */ = {isa = PBXBuildFile; fileRef = A930AC122B9B960A0024F8C0 /* Book.swift */; };
/* End PBXBuildFile section */

/* Begin PBXFileReference section */
		A930ABF12B9A255A0024F8C0 /* Library.app */ = {isa = PBXFileReference; explicitFileType = wrapper.application; includeInIndex = 0; path = Library.app; sourceTree = BUILT_PRODUCTS_DIR; };
		A930ABF42B9A255A0024F8C0 /* LibraryApp.swift */ = {isa = PBXFileReference; lastKnownFileType = sourcecode.swift; path = LibraryApp.swift; sourceTree = "<group>"; };
		A930ABF62B9A255A0024F8C0 /* Splach.swift */ = {isa = PBXFileReference; lastKnownFileType = sourcecode.swift; path = Splach.swift; sourceTree = "<group>"; };
		A930ABF82B9A255C0024F8C0 /* Assets.xcassets */ = {isa = PBXFileReference; lastKnownFileType = folder.assetcatalog; path = Assets.xcassets; sourceTree = "<group>"; };
		A930ABFB2B9A255C0024F8C0 /* Preview Assets.xcassets */ = {isa = PBXFileReference; lastKnownFileType = folder.assetcatalog; path = "Preview Assets.xcassets"; sourceTree = "<group>"; };
		A930AC022B9A25C40024F8C0 /* createacc.swift */ = {isa = PBXFileReference; lastKnownFileType = sourcecode.swift; path = createacc.swift; sourceTree = "<group>"; };
		A930AC042B9B2E8C0024F8C0 /* ActionJump.mlmodel */ = {isa = PBXFileReference; lastKnownFileType = file.mlmodel; name = ActionJump.mlmodel; path = ../../Downloads/ActionJump.mlmodel; sourceTree = "<group>"; };
		A930AC062B9B4B320024F8C0 /* tapview.swift */ = {isa = PBXFileReference; lastKnownFileType = sourcecode.swift; path = tapview.swift; sourceTree = "<group>"; };
		A930AC082B9B4F4E0024F8C0 /* girl.swift */ = {isa = PBXFileReference; lastKnownFileType = sourcecode.swift; path = girl.swift; sourceTree = "<group>"; };
		A930AC0A2B9B4F5C0024F8C0 /* boy.swift */ = {isa = PBXFileReference; lastKnownFileType = sourcecode.swift; path = boy.swift; sourceTree = "<group>"; };
		A930AC0C2B9B68900024F8C0 /* camera.swift */ = {isa = PBXFileReference; lastKnownFileType = sourcecode.swift; path = camera.swift; sourceTree = "<group>"; };
		A930AC122B9B960A0024F8C0 /* Book.swift */ = {isa = PBXFileReference; lastKnownFileType = sourcecode.swift; path = Book.swift; sourceTree = "<group>"; };
/* End PBXFileReference section */

/* Begin PBXFrameworksBuildPhase section */
		A930ABEE2B9A255A0024F8C0 /* Frameworks */ = {
			isa = PBXFrameworksBuildPhase;
			buildActionMask = 2147483647;
			files = (
			);
			runOnlyForDeploymentPostprocessing = 0;
		};
/* End PBXFrameworksBuildPhase section */

/* Begin PBXGroup section */
		A930ABE82B9A255A0024F8C0 = {
			isa = PBXGroup;
			children = (
				A930AC042B9B2E8C0024F8C0 /* ActionJump.mlmodel */,
				A930ABF32B9A255A0024F8C0 /* Library */,
				A930ABF22B9A255A0024F8C0 /* Products */,
			);
			sourceTree = "<group>";
		};
		A930ABF22B9A255A0024F8C0 /* Products */ = {
			isa = PBXGroup;
			children = (
				A930ABF12B9A255A0024F8C0 /* Library.app */,
			);
			name = Products;
			sourceTree = "<group>";
		};
		A930ABF32B9A255A0024F8C0 /* Library */ = {
			isa = PBXGroup;
			children = (
				A930ABF42B9A255A0024F8C0 /* LibraryApp.swift */,
				A930ABF62B9A255A0024F8C0 /* Splach.swift */,
				A930AC022B9A25C40024F8C0 /* createacc.swift */,
				A930AC062B9B4B320024F8C0 /* tapview.swift */,
				A930AC082B9B4F4E0024F8C0 /* girl.swift */,
				A930AC0A2B9B4F5C0024F8C0 /* boy.swift */,
				A930AC0C2B9B68900024F8C0 /* camera.swift */,
				A930AC122B9B960A0024F8C0 /* Book.swift */,
				A930ABF82B9A255C0024F8C0 /* Assets.xcassets */,
				A930ABFA2B9A255C0024F8C0 /* Preview Content */,
			);
			path = Library;
			sourceTree = "<group>";
		};
		A930ABFA2B9A255C0024F8C0 /* Preview Content */ = {
			isa = PBXGroup;
			children = (
				A930ABFB2B9A255C0024F8C0 /* Preview Assets.xcassets */,
			);
			path = "Preview Content";
			sourceTree = "<group>";
		};
/* End PBXGroup section */

/* Begin PBXNativeTarget section */
		A930ABF02B9A255A0024F8C0 /* Library */ = {
			isa = PBXNativeTarget;
			buildConfigurationList = A930ABFF2B9A255C0024F8C0 /* Build configuration list for PBXNativeTarget "Library" */;
			buildPhases = (
				A930ABED2B9A255A0024F8C0 /* Sources */,
				A930ABEE2B9A255A0024F8C0 /* Frameworks */,
				A930ABEF2B9A255A0024F8C0 /* Resources */,
			);
			buildRules = (
			);
			dependencies = (
			);
			name = Library;
			productName = Library;
			productReference = A930ABF12B9A255A0024F8C0 /* Library.app */;
			productType = "com.apple.product-type.application";
		};
/* End PBXNativeTarget section */

/* Begin PBXProject section */
		A930ABE92B9A255A0024F8C0 /* Project object */ = {
			isa = PBXProject;
			attributes = {
				BuildIndependentTargetsInParallel = 1;
				LastSwiftUpdateCheck = 1520;
				LastUpgradeCheck = 1520;
				TargetAttributes = {
					A930ABF02B9A255A0024F8C0 = {
						CreatedOnToolsVersion = 15.2;
					};
				};
			};
			buildConfigurationList = A930ABEC2B9A255A0024F8C0 /* Build configuration list for PBXProject "Library" */;
			compatibilityVersion = "Xcode 14.0";
			developmentRegion = en;
			hasScannedForEncodings = 0;
			knownRegions = (
				en,
				Base,
			);
			mainGroup = A930ABE82B9A255A0024F8C0;
			productRefGroup = A930ABF22B9A255A0024F8C0 /* Products */;
			projectDirPath = "";
			projectRoot = "";
			targets = (
				A930ABF02B9A255A0024F8C0 /* Library */,
			);
		};
/* End PBXProject section */

/* Begin PBXResourcesBuildPhase section */
		A930ABEF2B9A255A0024F8C0 /* Resources */ = {
			isa = PBXResourcesBuildPhase;
			buildActionMask = 2147483647;
			files = (
				A930ABFC2B9A255C0024F8C0 /* Preview Assets.xcassets in Resources */,
				A930ABF92B9A255C0024F8C0 /* Assets.xcassets in Resources */,
			);
			runOnlyForDeploymentPostprocessing = 0;
		};
/* End PBXResourcesBuildPhase section */

/* Begin PBXSourcesBuildPhase section */
		A930ABED2B9A255A0024F8C0 /* Sources */ = {
			isa = PBXSourcesBuildPhase;
			buildActionMask = 2147483647;
			files = (
				A930AC0D2B9B68900024F8C0 /* camera.swift in Sources */,
				A930AC052B9B2E8C0024F8C0 /* ActionJump.mlmodel in Sources */,
				A930AC092B9B4F4E0024F8C0 /* girl.swift in Sources */,
				A930ABF72B9A255A0024F8C0 /* Splach.swift in Sources */,
				A930AC0B2B9B4F5C0024F8C0 /* boy.swift in Sources */,
				A930AC132B9B960A0024F8C0 /* Book.swift in Sources */,
				A930ABF52B9A255A0024F8C0 /* LibraryApp.swift in Sources */,
				A930AC072B9B4B320024F8C0 /* tapview.swift in Sources */,
				A930AC032B9A25C40024F8C0 /* createacc.swift in Sources */,
			);
			runOnlyForDeploymentPostprocessing = 0;
		};
/* End PBXSourcesBuildPhase section */

/* Begin XCBuildConfiguration section */
		A930ABFD2B9A255C0024F8C0 /* Debug */ = {
			isa = XCBuildConfiguration;
			buildSettings = {
				ALWAYS_SEARCH_USER_PATHS = NO;
				ASSETCATALOG_COMPILER_GENERATE_SWIFT_ASSET_SYMBOL_EXTENSIONS = YES;
				CLANG_ANALYZER_NONNULL = YES;
				CLANG_ANALYZER_NUMBER_OBJECT_CONVERSION = YES_AGGRESSIVE;
				CLANG_CXX_LANGUAGE_STANDARD = "gnu++20";
				CLANG_ENABLE_MODULES = YES;
				CLANG_ENABLE_OBJC_ARC = YES;
				CLANG_ENABLE_OBJC_WEAK = YES;
				CLANG_WARN_BLOCK_CAPTURE_AUTORELEASING = YES;
				CLANG_WARN_BOOL_CONVERSION = YES;
				CLANG_WARN_COMMA = YES;
				CLANG_WARN_CONSTANT_CONVERSION = YES;
				CLANG_WARN_DEPRECATED_OBJC_IMPLEMENTATIONS = YES;
				CLANG_WARN_DIRECT_OBJC_ISA_USAGE = YES_ERROR;
				CLANG_WARN_DOCUMENTATION_COMMENTS = YES;
				CLANG_WARN_EMPTY_BODY = YES;
				CLANG_WARN_ENUM_CONVERSION = YES;
				CLANG_WARN_INFINITE_RECURSION = YES;
				CLANG_WARN_INT_CONVERSION = YES;
				CLANG_WARN_NON_LITERAL_NULL_CONVERSION = YES;
				CLANG_WARN_OBJC_IMPLICIT_RETAIN_SELF = YES;
				CLANG_WARN_OBJC_LITERAL_CONVERSION = YES;
				CLANG_WARN_OBJC_ROOT_CLASS = YES_ERROR;
				CLANG_WARN_QUOTED_INCLUDE_IN_FRAMEWORK_HEADER = YES;
				CLANG_WARN_RANGE_LOOP_ANALYSIS = YES;
				CLANG_WARN_STRICT_PROTOTYPES = YES;
				CLANG_WARN_SUSPICIOUS_MOVE = YES;
				CLANG_WARN_UNGUARDED_AVAILABILITY = YES_AGGRESSIVE;
				CLANG_WARN_UNREACHABLE_CODE = YES;
				CLANG_WARN__DUPLICATE_METHOD_MATCH = YES;
				COPY_PHASE_STRIP = NO;
				DEBUG_INFORMATION_FORMAT = dwarf;
				ENABLE_STRICT_OBJC_MSGSEND = YES;
				ENABLE_TESTABILITY = YES;
				ENABLE_USER_SCRIPT_SANDBOXING = YES;
				GCC_C_LANGUAGE_STANDARD = gnu17;
				GCC_DYNAMIC_NO_PIC = NO;
				GCC_NO_COMMON_BLOCKS = YES;
				GCC_OPTIMIZATION_LEVEL = 0;
				GCC_PREPROCESSOR_DEFINITIONS = (
					"DEBUG=1",
					"$(inherited)",
				);
				GCC_WARN_64_TO_32_BIT_CONVERSION = YES;
				GCC_WARN_ABOUT_RETURN_TYPE = YES_ERROR;
				GCC_WARN_UNDECLARED_SELECTOR = YES;
				GCC_WARN_UNINITIALIZED_AUTOS = YES_AGGRESSIVE;
				GCC_WARN_UNUSED_FUNCTION = YES;
				GCC_WARN_UNUSED_VARIABLE = YES;
				IPHONEOS_DEPLOYMENT_TARGET = 17.2;
				LOCALIZATION_PREFERS_STRING_CATALOGS = YES;
				MTL_ENABLE_DEBUG_INFO = INCLUDE_SOURCE;
				MTL_FAST_MATH = YES;
				ONLY_ACTIVE_ARCH = YES;
				SDKROOT = iphoneos;
				SWIFT_ACTIVE_COMPILATION_CONDITIONS = "DEBUG $(inherited)";
				SWIFT_OPTIMIZATION_LEVEL = "-Onone";
			};
			name = Debug;
		};
		A930ABFE2B9A255C0024F8C0 /* Release */ = {
			isa = XCBuildConfiguration;
			buildSettings = {
				ALWAYS_SEARCH_USER_PATHS = NO;
				ASSETCATALOG_COMPILER_GENERATE_SWIFT_ASSET_SYMBOL_EXTENSIONS = YES;
				CLANG_ANALYZER_NONNULL = YES;
				CLANG_ANALYZER_NUMBER_OBJECT_CONVERSION = YES_AGGRESSIVE;
				CLANG_CXX_LANGUAGE_STANDARD = "gnu++20";
				CLANG_ENABLE_MODULES = YES;
				CLANG_ENABLE_OBJC_ARC = YES;
				CLANG_ENABLE_OBJC_WEAK = YES;
				CLANG_WARN_BLOCK_CAPTURE_AUTORELEASING = YES;
				CLANG_WARN_BOOL_CONVERSION = YES;
				CLANG_WARN_COMMA = YES;
				CLANG_WARN_CONSTANT_CONVERSION = YES;
				CLANG_WARN_DEPRECATED_OBJC_IMPLEMENTATIONS = YES;
				CLANG_WARN_DIRECT_OBJC_ISA_USAGE = YES_ERROR;
				CLANG_WARN_DOCUMENTATION_COMMENTS = YES;
				CLANG_WARN_EMPTY_BODY = YES;
				CLANG_WARN_ENUM_CONVERSION = YES;
				CLANG_WARN_INFINITE_RECURSION = YES;
				CLANG_WARN_INT_CONVERSION = YES;
				CLANG_WARN_NON_LITERAL_NULL_CONVERSION = YES;
				CLANG_WARN_OBJC_IMPLICIT_RETAIN_SELF = YES;
				CLANG_WARN_OBJC_LITERAL_CONVERSION = YES;
				CLANG_WARN_OBJC_ROOT_CLASS = YES_ERROR;
				CLANG_WARN_QUOTED_INCLUDE_IN_FRAMEWORK_HEADER = YES;
				CLANG_WARN_RANGE_LOOP_ANALYSIS = YES;
				CLANG_WARN_STRICT_PROTOTYPES = YES;
				CLANG_WARN_SUSPICIOUS_MOVE = YES;
				CLANG_WARN_UNGUARDED_AVAILABILITY = YES_AGGRESSIVE;
				CLANG_WARN_UNREACHABLE_CODE = YES;
				CLANG_WARN__DUPLICATE_METHOD_MATCH = YES;
				COPY_PHASE_STRIP = NO;
				DEBUG_INFORMATION_FORMAT = "dwarf-with-dsym";
				ENABLE_NS_ASSERTIONS = NO;
				ENABLE_STRICT_OBJC_MSGSEND = YES;
				ENABLE_USER_SCRIPT_SANDBOXING = YES;
				GCC_C_LANGUAGE_STANDARD = gnu17;
				GCC_NO_COMMON_BLOCKS = YES;
				GCC_WARN_64_TO_32_BIT_CONVERSION = YES;
				GCC_WARN_ABOUT_RETURN_TYPE = YES_ERROR;
				GCC_WARN_UNDECLARED_SELECTOR = YES;
				GCC_WARN_UNINITIALIZED_AUTOS = YES_AGGRESSIVE;
				GCC_WARN_UNUSED_FUNCTION = YES;
				GCC_WARN_UNUSED_VARIABLE = YES;
				IPHONEOS_DEPLOYMENT_TARGET = 17.2;
				LOCALIZATION_PREFERS_STRING_CATALOGS = YES;
				MTL_ENABLE_DEBUG_INFO = NO;
				MTL_FAST_MATH = YES;
				SDKROOT = iphoneos;
				SWIFT_COMPILATION_MODE = wholemodule;
				VALIDATE_PRODUCT = YES;
			};
			name = Release;
		};
		A930AC002B9A255C0024F8C0 /* Debug */ = {
			isa = XCBuildConfiguration;
			buildSettings = {
				ASSETCATALOG_COMPILER_APPICON_NAME = AppIcon;
				ASSETCATALOG_COMPILER_GLOBAL_ACCENT_COLOR_NAME = AccentColor;
				CODE_SIGN_STYLE = Automatic;
				CURRENT_PROJECT_VERSION = 1;
				DEVELOPMENT_ASSET_PATHS = "\"Library/Preview Content\"";
				DEVELOPMENT_TEAM = 5U4L7T7WUD;
				ENABLE_PREVIEWS = YES;
				GENERATE_INFOPLIST_FILE = YES;
				INFOPLIST_KEY_NSCameraUsageDescription = "";
				INFOPLIST_KEY_UIApplicationSceneManifest_Generation = YES;
				INFOPLIST_KEY_UIApplicationSupportsIndirectInputEvents = YES;
				INFOPLIST_KEY_UILaunchScreen_Generation = YES;
				INFOPLIST_KEY_UISupportedInterfaceOrientations_iPhone = "UIInterfaceOrientationPortrait UIInterfaceOrientationLandscapeLeft UIInterfaceOrientationLandscapeRight";
				LD_RUNPATH_SEARCH_PATHS = (
					"$(inherited)",
					"@executable_path/Frameworks",
				);
				MARKETING_VERSION = 1.0;
				PRODUCT_BUNDLE_IDENTIFIER = Fai.Library;
				PRODUCT_NAME = "$(TARGET_NAME)";
				SWIFT_EMIT_LOC_STRINGS = YES;
				SWIFT_VERSION = 5.0;
				TARGETED_DEVICE_FAMILY = "1,2";
			};
			name = Debug;
		};
		A930AC012B9A255C0024F8C0 /* Release */ = {
			isa = XCBuildConfiguration;
			buildSettings = {
				ASSETCATALOG_COMPILER_APPICON_NAME = AppIcon;
				ASSETCATALOG_COMPILER_GLOBAL_ACCENT_COLOR_NAME = AccentColor;
				CODE_SIGN_STYLE = Automatic;
				CURRENT_PROJECT_VERSION = 1;
				DEVELOPMENT_ASSET_PATHS = "\"Library/Preview Content\"";
				DEVELOPMENT_TEAM = 5U4L7T7WUD;
				ENABLE_PREVIEWS = YES;
				GENERATE_INFOPLIST_FILE = YES;
				INFOPLIST_KEY_NSCameraUsageDescription = "";
				INFOPLIST_KEY_UIApplicationSceneManifest_Generation = YES;
				INFOPLIST_KEY_UIApplicationSupportsIndirectInputEvents = YES;
				INFOPLIST_KEY_UILaunchScreen_Generation = YES;
				INFOPLIST_KEY_UISupportedInterfaceOrientations_iPhone = "UIInterfaceOrientationPortrait UIInterfaceOrientationLandscapeLeft UIInterfaceOrientationLandscapeRight";
				LD_RUNPATH_SEARCH_PATHS = (
					"$(inherited)",
					"@executable_path/Frameworks",
				);
				MARKETING_VERSION = 1.0;
				PRODUCT_BUNDLE_IDENTIFIER = Fai.Library;
				PRODUCT_NAME = "$(TARGET_NAME)";
				SWIFT_EMIT_LOC_STRINGS = YES;
				SWIFT_VERSION = 5.0;
				TARGETED_DEVICE_FAMILY = "1,2";
			};
			name = Release;
		};
/* End XCBuildConfiguration section */

/* Begin XCConfigurationList section */
		A930ABEC2B9A255A0024F8C0 /* Build configuration list for PBXProject "Library" */ = {
			isa = XCConfigurationList;
			buildConfigurations = (
				A930ABFD2B9A255C0024F8C0 /* Debug */,
				A930ABFE2B9A255C0024F8C0 /* Release */,
			);
			defaultConfigurationIsVisible = 0;
			defaultConfigurationName = Release;
		};
		A930ABFF2B9A255C0024F8C0 /* Build configuration list for PBXNativeTarget "Library" */ = {
			isa = XCConfigurationList;
			buildConfigurations = (
				A930AC002B9A255C0024F8C0 /* Debug */,
				A930AC012B9A255C0024F8C0 /* Release */,
			);
			defaultConfigurationIsVisible = 0;
			defaultConfigurationName = Release;
		};
/* End XCConfigurationList section */
	};
	rootObject = A930ABE92B9A255A0024F8C0 /* Project object */;
}
